// !$*UTF8*$!
{
	archiveVersion = 1;
	classes = {
	};
	objectVersion = 46;
	objects = {

/* Begin PBXBuildFile section */
		4C31CE5B1C86855A004A0894 /* AppDelegate.swift in Sources */ = {isa = PBXBuildFile; fileRef = 4C31CE5A1C86855A004A0894 /* AppDelegate.swift */; };
		4C31CE5D1C86855A004A0894 /* ViewController.swift in Sources */ = {isa = PBXBuildFile; fileRef = 4C31CE5C1C86855A004A0894 /* ViewController.swift */; };
		4C31CE601C86855A004A0894 /* Main.storyboard in Resources */ = {isa = PBXBuildFile; fileRef = 4C31CE5E1C86855A004A0894 /* Main.storyboard */; };
		4C31CE621C86855A004A0894 /* Assets.xcassets in Resources */ = {isa = PBXBuildFile; fileRef = 4C31CE611C86855A004A0894 /* Assets.xcassets */; };
		4C31CE651C86855A004A0894 /* LaunchScreen.storyboard in Resources */ = {isa = PBXBuildFile; fileRef = 4C31CE631C86855A004A0894 /* LaunchScreen.storyboard */; };
		4C31CE701C86855B004A0894 /* instagramTests.swift in Sources */ = {isa = PBXBuildFile; fileRef = 4C31CE6F1C86855B004A0894 /* instagramTests.swift */; };
		4C31CE7B1C86855B004A0894 /* instagramUITests.swift in Sources */ = {isa = PBXBuildFile; fileRef = 4C31CE7A1C86855B004A0894 /* instagramUITests.swift */; };
/* End PBXBuildFile section */

/* Begin PBXContainerItemProxy section */
		4C31CE6C1C86855A004A0894 /* PBXContainerItemProxy */ = {
			isa = PBXContainerItemProxy;
			containerPortal = 4C31CE4F1C86855A004A0894 /* Project object */;
			proxyType = 1;
			remoteGlobalIDString = 4C31CE561C86855A004A0894;
			remoteInfo = instagram;
		};
		4C31CE771C86855B004A0894 /* PBXContainerItemProxy */ = {
			isa = PBXContainerItemProxy;
			containerPortal = 4C31CE4F1C86855A004A0894 /* Project object */;
			proxyType = 1;
			remoteGlobalIDString = 4C31CE561C86855A004A0894;
			remoteInfo = instagram;
		};
/* End PBXContainerItemProxy section */

/* Begin PBXFileReference section */
		4C31CE571C86855A004A0894 /* instagram.app */ = {isa = PBXFileReference; explicitFileType = wrapper.application; includeInIndex = 0; path = instagram.app; sourceTree = BUILT_PRODUCTS_DIR; };
		4C31CE5A1C86855A004A0894 /* AppDelegate.swift */ = {isa = PBXFileReference; lastKnownFileType = sourcecode.swift; path = AppDelegate.swift; sourceTree = "<group>"; };
		4C31CE5C1C86855A004A0894 /* ViewController.swift */ = {isa = PBXFileReference; lastKnownFileType = sourcecode.swift; path = ViewController.swift; sourceTree = "<group>"; };
		4C31CE5F1C86855A004A0894 /* Base */ = {isa = PBXFileReference; lastKnownFileType = file.storyboard; name = Base; path = Base.lproj/Main.storyboard; sourceTree = "<group>"; };
		4C31CE611C86855A004A0894 /* Assets.xcassets */ = {isa = PBXFileReference; lastKnownFileType = folder.assetcatalog; path = Assets.xcassets; sourceTree = "<group>"; };
		4C31CE641C86855A004A0894 /* Base */ = {isa = PBXFileReference; lastKnownFileType = file.storyboard; name = Base; path = Base.lproj/LaunchScreen.storyboard; sourceTree = "<group>"; };
		4C31CE661C86855A004A0894 /* Info.plist */ = {isa = PBXFileReference; lastKnownFileType = text.plist.xml; path = Info.plist; sourceTree = "<group>"; };
		4C31CE6B1C86855A004A0894 /* instagramTests.xctest */ = {isa = PBXFileReference; explicitFileType = wrapper.cfbundle; includeInIndex = 0; path = instagramTests.xctest; sourceTree = BUILT_PRODUCTS_DIR; };
		4C31CE6F1C86855B004A0894 /* instagramTests.swift */ = {isa = PBXFileReference; lastKnownFileType = sourcecode.swift; path = instagramTests.swift; sourceTree = "<group>"; };
		4C31CE711C86855B004A0894 /* Info.plist */ = {isa = PBXFileReference; lastKnownFileType = text.plist.xml; path = Info.plist; sourceTree = "<group>"; };
		4C31CE761C86855B004A0894 /* instagramUITests.xctest */ = {isa = PBXFileReference; explicitFileType = wrapper.cfbundle; includeInIndex = 0; path = instagramUITests.xctest; sourceTree = BUILT_PRODUCTS_DIR; };
		4C31CE7A1C86855B004A0894 /* instagramUITests.swift */ = {isa = PBXFileReference; lastKnownFileType = sourcecode.swift; path = instagramUITests.swift; sourceTree = "<group>"; };
		4C31CE7C1C86855B004A0894 /* Info.plist */ = {isa = PBXFileReference; lastKnownFileType = text.plist.xml; path = Info.plist; sourceTree = "<group>"; };
/* End PBXFileReference section */

/* Begin PBXFrameworksBuildPhase section */
		4C31CE541C86855A004A0894 /* Frameworks */ = {
			isa = PBXFrameworksBuildPhase;
			buildActionMask = 2147483647;
			files = (
			);
			runOnlyForDeploymentPostprocessing = 0;
		};
		4C31CE681C86855A004A0894 /* Frameworks */ = {
			isa = PBXFrameworksBuildPhase;
			buildActionMask = 2147483647;
			files = (
			);
			runOnlyForDeploymentPostprocessing = 0;
		};
		4C31CE731C86855B004A0894 /* Frameworks */ = {
			isa = PBXFrameworksBuildPhase;
			buildActionMask = 2147483647;
			files = (
			);
			runOnlyForDeploymentPostprocessing = 0;
		};
/* End PBXFrameworksBuildPhase section */

/* Begin PBXGroup section */
		4C31CE4E1C86855A004A0894 = {
			isa = PBXGroup;
			children = (
				4C31CE591C86855A004A0894 /* instagram */,
				4C31CE6E1C86855B004A0894 /* instagramTests */,
				4C31CE791C86855B004A0894 /* instagramUITests */,
				4C31CE581C86855A004A0894 /* Products */,
			);
			sourceTree = "<group>";
		};
		4C31CE581C86855A004A0894 /* Products */ = {
			isa = PBXGroup;
			children = (
				4C31CE571C86855A004A0894 /* instagram.app */,
				4C31CE6B1C86855A004A0894 /* instagramTests.xctest */,
				4C31CE761C86855B004A0894 /* instagramUITests.xctest */,
			);
			name = Products;
			sourceTree = "<group>";
		};
		4C31CE591C86855A004A0894 /* instagram */ = {
			isa = PBXGroup;
			children = (
				4C31CE5A1C86855A004A0894 /* AppDelegate.swift */,
				4C31CE5C1C86855A004A0894 /* ViewController.swift */,
				4C31CE5E1C86855A004A0894 /* Main.storyboard */,
				4C31CE611C86855A004A0894 /* Assets.xcassets */,
				4C31CE631C86855A004A0894 /* LaunchScreen.storyboard */,
				4C31CE661C86855A004A0894 /* Info.plist */,
			);
			path = instagram;
			sourceTree = "<group>";
		};
		4C31CE6E1C86855B004A0894 /* instagramTests */ = {
			isa = PBXGroup;
			children = (
				4C31CE6F1C86855B004A0894 /* instagramTests.swift */,
				4C31CE711C86855B004A0894 /* Info.plist */,
			);
			path = instagramTests;
			sourceTree = "<group>";
		};
		4C31CE791C86855B004A0894 /* instagramUITests */ = {
			isa = PBXGroup;
			children = (
				4C31CE7A1C86855B004A0894 /* instagramUITests.swift */,
				4C31CE7C1C86855B004A0894 /* Info.plist */,
			);
			path = instagramUITests;
			sourceTree = "<group>";
		};
/* End PBXGroup section */

/* Begin PBXNativeTarget section */
		4C31CE561C86855A004A0894 /* instagram */ = {
			isa = PBXNativeTarget;
			buildConfigurationList = 4C31CE7F1C86855B004A0894 /* Build configuration list for PBXNativeTarget "instagram" */;
			buildPhases = (
				4C31CE531C86855A004A0894 /* Sources */,
				4C31CE541C86855A004A0894 /* Frameworks */,
				4C31CE551C86855A004A0894 /* Resources */,
			);
			buildRules = (
			);
			dependencies = (
			);
			name = instagram;
			productName = instagram;
			productReference = 4C31CE571C86855A004A0894 /* instagram.app */;
			productType = "com.apple.product-type.application";
		};
		4C31CE6A1C86855A004A0894 /* instagramTests */ = {
			isa = PBXNativeTarget;
			buildConfigurationList = 4C31CE821C86855B004A0894 /* Build configuration list for PBXNativeTarget "instagramTests" */;
			buildPhases = (
				4C31CE671C86855A004A0894 /* Sources */,
				4C31CE681C86855A004A0894 /* Frameworks */,
				4C31CE691C86855A004A0894 /* Resources */,
			);
			buildRules = (
			);
			dependencies = (
				4C31CE6D1C86855A004A0894 /* PBXTargetDependency */,
			);
			name = instagramTests;
			productName = instagramTests;
			productReference = 4C31CE6B1C86855A004A0894 /* instagramTests.xctest */;
			productType = "com.apple.product-type.bundle.unit-test";
		};
		4C31CE751C86855B004A0894 /* instagramUITests */ = {
			isa = PBXNativeTarget;
			buildConfigurationList = 4C31CE851C86855B004A0894 /* Build configuration list for PBXNativeTarget "instagramUITests" */;
			buildPhases = (
				4C31CE721C86855B004A0894 /* Sources */,
				4C31CE731C86855B004A0894 /* Frameworks */,
				4C31CE741C86855B004A0894 /* Resources */,
			);
			buildRules = (
			);
			dependencies = (
				4C31CE781C86855B004A0894 /* PBXTargetDependency */,
			);
			name = instagramUITests;
			productName = instagramUITests;
			productReference = 4C31CE761C86855B004A0894 /* instagramUITests.xctest */;
			productType = "com.apple.product-type.bundle.ui-testing";
		};
/* End PBXNativeTarget section */

/* Begin PBXProject section */
		4C31CE4F1C86855A004A0894 /* Project object */ = {
			isa = PBXProject;
			attributes = {
				LastSwiftUpdateCheck = 0720;
				LastUpgradeCheck = 0720;
				ORGANIZATIONNAME = "Ali Hadwan";
				TargetAttributes = {
					4C31CE561C86855A004A0894 = {
						CreatedOnToolsVersion = 7.2;
						DevelopmentTeam = 345BMGXJJQ;
					};
					4C31CE6A1C86855A004A0894 = {
						CreatedOnToolsVersion = 7.2;
						DevelopmentTeam = 345BMGXJJQ;
						TestTargetID = 4C31CE561C86855A004A0894;
					};
					4C31CE751C86855B004A0894 = {
						CreatedOnToolsVersion = 7.2;
						DevelopmentTeam = 345BMGXJJQ;
						TestTargetID = 4C31CE561C86855A004A0894;
					};
				};
			};
			buildConfigurationList = 4C31CE521C86855A004A0894 /* Build configuration list for PBXProject "instagram" */;
			compatibilityVersion = "Xcode 3.2";
			developmentRegion = English;
			hasScannedForEncodings = 0;
			knownRegions = (
				en,
				Base,
			);
			mainGroup = 4C31CE4E1C86855A004A0894;
			productRefGroup = 4C31CE581C86855A004A0894 /* Products */;
			projectDirPath = "";
			projectRoot = "";
			targets = (
				4C31CE561C86855A004A0894 /* instagram */,
				4C31CE6A1C86855A004A0894 /* instagramTests */,
				4C31CE751C86855B004A0894 /* instagramUITests */,
			);
		};
/* End PBXProject section */

/* Begin PBXResourcesBuildPhase section */
		4C31CE551C86855A004A0894 /* Resources */ = {
			isa = PBXResourcesBuildPhase;
			buildActionMask = 2147483647;
			files = (
				4C31CE651C86855A004A0894 /* LaunchScreen.storyboard in Resources */,
				4C31CE621C86855A004A0894 /* Assets.xcassets in Resources */,
				4C31CE601C86855A004A0894 /* Main.storyboard in Resources */,
			);
			runOnlyForDeploymentPostprocessing = 0;
		};
		4C31CE691C86855A004A0894 /* Resources */ = {
			isa = PBXResourcesBuildPhase;
			buildActionMask = 2147483647;
			files = (
			);
			runOnlyForDeploymentPostprocessing = 0;
		};
		4C31CE741C86855B004A0894 /* Resources */ = {
			isa = PBXResourcesBuildPhase;
			buildActionMask = 2147483647;
			files = (
			);
			runOnlyForDeploymentPostprocessing = 0;
		};
/* End PBXResourcesBuildPhase section */

/* Begin PBXSourcesBuildPhase section */
		4C31CE531C86855A004A0894 /* Sources */ = {
			isa = PBXSourcesBuildPhase;
			buildActionMask = 2147483647;
			files = (
				4C31CE5D1C86855A004A0894 /* ViewController.swift in Sources */,
				4C31CE5B1C86855A004A0894 /* AppDelegate.swift in Sources */,
			);
			runOnlyForDeploymentPostprocessing = 0;
		};
		4C31CE671C86855A004A0894 /* Sources */ = {
			isa = PBXSourcesBuildPhase;
			buildActionMask = 2147483647;
			files = (
				4C31CE701C86855B004A0894 /* instagramTests.swift in Sources */,
			);
			runOnlyForDeploymentPostprocessing = 0;
		};
		4C31CE721C86855B004A0894 /* Sources */ = {
			isa = PBXSourcesBuildPhase;
			buildActionMask = 2147483647;
			files = (
				4C31CE7B1C86855B004A0894 /* instagramUITests.swift in Sources */,
			);
			runOnlyForDeploymentPostprocessing = 0;
		};
/* End PBXSourcesBuildPhase section */

/* Begin PBXTargetDependency section */
		4C31CE6D1C86855A004A0894 /* PBXTargetDependency */ = {
			isa = PBXTargetDependency;
			target = 4C31CE561C86855A004A0894 /* instagram */;
			targetProxy = 4C31CE6C1C86855A004A0894 /* PBXContainerItemProxy */;
		};
		4C31CE781C86855B004A0894 /* PBXTargetDependency */ = {
			isa = PBXTargetDependency;
			target = 4C31CE561C86855A004A0894 /* instagram */;
			targetProxy = 4C31CE771C86855B004A0894 /* PBXContainerItemProxy */;
		};
/* End PBXTargetDependency section */

/* Begin PBXVariantGroup section */
		4C31CE5E1C86855A004A0894 /* Main.storyboard */ = {
			isa = PBXVariantGroup;
			children = (
				4C31CE5F1C86855A004A0894 /* Base */,
			);
			name = Main.storyboard;
			sourceTree = "<group>";
		};
		4C31CE631C86855A004A0894 /* LaunchScreen.storyboard */ = {
			isa = PBXVariantGroup;
			children = (
				4C31CE641C86855A004A0894 /* Base */,
			);
			name = LaunchScreen.storyboard;
			sourceTree = "<group>";
		};
/* End PBXVariantGroup section */

/* Begin XCBuildConfiguration section */
		4C31CE7D1C86855B004A0894 /* Debug */ = {
			isa = XCBuildConfiguration;
			buildSettings = {
				ALWAYS_SEARCH_USER_PATHS = NO;
				CLANG_CXX_LANGUAGE_STANDARD = "gnu++0x";
				CLANG_CXX_LIBRARY = "libc++";
				CLANG_ENABLE_MODULES = YES;
				CLANG_ENABLE_OBJC_ARC = YES;
				CLANG_WARN_BOOL_CONVERSION = YES;
				CLANG_WARN_CONSTANT_CONVERSION = YES;
				CLANG_WARN_DIRECT_OBJC_ISA_USAGE = YES_ERROR;
				CLANG_WARN_EMPTY_BODY = YES;
				CLANG_WARN_ENUM_CONVERSION = YES;
				CLANG_WARN_INT_CONVERSION = YES;
				CLANG_WARN_OBJC_ROOT_CLASS = YES_ERROR;
				CLANG_WARN_UNREACHABLE_CODE = YES;
				CLANG_WARN__DUPLICATE_METHOD_MATCH = YES;
				"CODE_SIGN_IDENTITY[sdk=iphoneos*]" = "iPhone Developer";
				COPY_PHASE_STRIP = NO;
				DEBUG_INFORMATION_FORMAT = dwarf;
				ENABLE_STRICT_OBJC_MSGSEND = YES;
				ENABLE_TESTABILITY = YES;
				GCC_C_LANGUAGE_STANDARD = gnu99;
				GCC_DYNAMIC_NO_PIC = NO;
				GCC_NO_COMMON_BLOCKS = YES;
				GCC_OPTIMIZATION_LEVEL = 0;
				GCC_PREPROCESSOR_DEFINITIONS = (
					"DEBUG=1",
					"$(inherited)",
				);
				GCC_WARN_64_TO_32_BIT_CONVERSION = YES;
				GCC_WARN_ABOUT_RETURN_TYPE = YES_ERROR;
				GCC_WARN_UNDECLARED_SELECTOR = YES;
				GCC_WARN_UNINITIALIZED_AUTOS = YES_AGGRESSIVE;
				GCC_WARN_UNUSED_FUNCTION = YES;
				GCC_WARN_UNUSED_VARIABLE = YES;
				IPHONEOS_DEPLOYMENT_TARGET = 9.2;
				MTL_ENABLE_DEBUG_INFO = YES;
				ONLY_ACTIVE_ARCH = YES;
				SDKROOT = iphoneos;
				SWIFT_OPTIMIZATION_LEVEL = "-Onone";
			};
			name = Debug;
		};
		4C31CE7E1C86855B004A0894 /* Release */ = {
			isa = XCBuildConfiguration;
			buildSettings = {
				ALWAYS_SEARCH_USER_PATHS = NO;
				CLANG_CXX_LANGUAGE_STANDARD = "gnu++0x";
				CLANG_CXX_LIBRARY = "libc++";
				CLANG_ENABLE_MODULES = YES;
				CLANG_ENABLE_OBJC_ARC = YES;
				CLANG_WARN_BOOL_CONVERSION = YES;
				CLANG_WARN_CONSTANT_CONVERSION = YES;
				CLANG_WARN_DIRECT_OBJC_ISA_USAGE = YES_ERROR;
				CLANG_WARN_EMPTY_BODY = YES;
				CLANG_WARN_ENUM_CONVERSION = YES;
				CLANG_WARN_INT_CONVERSION = YES;
				CLANG_WARN_OBJC_ROOT_CLASS = YES_ERROR;
				CLANG_WARN_UNREACHABLE_CODE = YES;
				CLANG_WARN__DUPLICATE_METHOD_MATCH = YES;
				"CODE_SIGN_IDENTITY[sdk=iphoneos*]" = "iPhone Developer";
				COPY_PHASE_STRIP = NO;
				DEBUG_INFORMATION_FORMAT = "dwarf-with-dsym";
				ENABLE_NS_ASSERTIONS = NO;
				ENABLE_STRICT_OBJC_MSGSEND = YES;
				GCC_C_LANGUAGE_STANDARD = gnu99;
				GCC_NO_COMMON_BLOCKS = YES;
				GCC_WARN_64_TO_32_BIT_CONVERSION = YES;
				GCC_WARN_ABOUT_RETURN_TYPE = YES_ERROR;
				GCC_WARN_UNDECLARED_SELECTOR = YES;
				GCC_WARN_UNINITIALIZED_AUTOS = YES_AGGRESSIVE;
				GCC_WARN_UNUSED_FUNCTION = YES;
				GCC_WARN_UNUSED_VARIABLE = YES;
				IPHONEOS_DEPLOYMENT_TARGET = 9.2;
				MTL_ENABLE_DEBUG_INFO = NO;
				SDKROOT = iphoneos;
				VALIDATE_PRODUCT = YES;
			};
			name = Release;
		};
		4C31CE801C86855B004A0894 /* Debug */ = {
			isa = XCBuildConfiguration;
			buildSettings = {
				ASSETCATALOG_COMPILER_APPICON_NAME = AppIcon;
				INFOPLIST_FILE = instagram/Info.plist;
				LD_RUNPATH_SEARCH_PATHS = "$(inherited) @executable_path/Frameworks";
				PRODUCT_BUNDLE_IDENTIFIER = com.codpath.instagram;
				PRODUCT_NAME = "$(TARGET_NAME)";
			};
			name = Debug;
		};
		4C31CE811C86855B004A0894 /* Release */ = {
			isa = XCBuildConfiguration;
			buildSettings = {
				ASSETCATALOG_COMPILER_APPICON_NAME = AppIcon;
				INFOPLIST_FILE = instagram/Info.plist;
				LD_RUNPATH_SEARCH_PATHS = "$(inherited) @executable_path/Frameworks";
				PRODUCT_BUNDLE_IDENTIFIER = com.codpath.instagram;
				PRODUCT_NAME = "$(TARGET_NAME)";
			};
			name = Release;
		};
		4C31CE831C86855B004A0894 /* Debug */ = {
			isa = XCBuildConfiguration;
			buildSettings = {
				BUNDLE_LOADER = "$(TEST_HOST)";
				INFOPLIST_FILE = instagramTests/Info.plist;
				LD_RUNPATH_SEARCH_PATHS = "$(inherited) @executable_path/Frameworks @loader_path/Frameworks";
				PRODUCT_BUNDLE_IDENTIFIER = com.codpath.instagramTests;
				PRODUCT_NAME = "$(TARGET_NAME)";
				TEST_HOST = "$(BUILT_PRODUCTS_DIR)/instagram.app/instagram";
			};
			name = Debug;
		};
		4C31CE841C86855B004A0894 /* Release */ = {
			isa = XCBuildConfiguration;
			buildSettings = {
				BUNDLE_LOADER = "$(TEST_HOST)";
				INFOPLIST_FILE = instagramTests/Info.plist;
				LD_RUNPATH_SEARCH_PATHS = "$(inherited) @executable_path/Frameworks @loader_path/Frameworks";
				PRODUCT_BUNDLE_IDENTIFIER = com.codpath.instagramTests;
				PRODUCT_NAME = "$(TARGET_NAME)";
				TEST_HOST = "$(BUILT_PRODUCTS_DIR)/instagram.app/instagram";
			};
			name = Release;
		};
		4C31CE861C86855B004A0894 /* Debug */ = {
			isa = XCBuildConfiguration;
			buildSettings = {
				INFOPLIST_FILE = instagramUITests/Info.plist;
				LD_RUNPATH_SEARCH_PATHS = "$(inherited) @executable_path/Frameworks @loader_path/Frameworks";
				PRODUCT_BUNDLE_IDENTIFIER = com.codpath.instagramUITests;
				PRODUCT_NAME = "$(TARGET_NAME)";
				TEST_TARGET_NAME = instagram;
				USES_XCTRUNNER = YES;
			};
			name = Debug;
		};
		4C31CE871C86855B004A0894 /* Release */ = {
			isa = XCBuildConfiguration;
			buildSettings = {
				INFOPLIST_FILE = instagramUITests/Info.plist;
				LD_RUNPATH_SEARCH_PATHS = "$(inherited) @executable_path/Frameworks @loader_path/Frameworks";
				PRODUCT_BUNDLE_IDENTIFIER = com.codpath.instagramUITests;
				PRODUCT_NAME = "$(TARGET_NAME)";
				TEST_TARGET_NAME = instagram;
				USES_XCTRUNNER = YES;
			};
			name = Release;
		};
/* End XCBuildConfiguration section */

/* Begin XCConfigurationList section */
		4C31CE521C86855A004A0894 /* Build configuration list for PBXProject "instagram" */ = {
			isa = XCConfigurationList;
			buildConfigurations = (
				4C31CE7D1C86855B004A0894 /* Debug */,
				4C31CE7E1C86855B004A0894 /* Release */,
			);
			defaultConfigurationIsVisible = 0;
			defaultConfigurationName = Release;
		};
		4C31CE7F1C86855B004A0894 /* Build configuration list for PBXNativeTarget "instagram" */ = {
			isa = XCConfigurationList;
			buildConfigurations = (
				4C31CE801C86855B004A0894 /* Debug */,
				4C31CE811C86855B004A0894 /* Release */,
			);
			defaultConfigurationIsVisible = 0;
		};
		4C31CE821C86855B004A0894 /* Build configuration list for PBXNativeTarget "instagramTests" */ = {
			isa = XCConfigurationList;
			buildConfigurations = (
				4C31CE831C86855B004A0894 /* Debug */,
				4C31CE841C86855B004A0894 /* Release */,
			);
			defaultConfigurationIsVisible = 0;
		};
		4C31CE851C86855B004A0894 /* Build configuration list for PBXNativeTarget "instagramUITests" */ = {
			isa = XCConfigurationList;
			buildConfigurations = (
				4C31CE861C86855B004A0894 /* Debug */,
				4C31CE871C86855B004A0894 /* Release */,
			);
			defaultConfigurationIsVisible = 0;
		};
/* End XCConfigurationList section */
	};
	rootObject = 4C31CE4F1C86855A004A0894 /* Project object */;
}
